
Microsoft Visual Studio Solution File, Format Version 12.00
# Visual Studio Version 17
VisualStudioVersion = 17.2.32616.157
MinimumVisualStudioVersion = 10.0.40219.1
Project("{FAE04EC0-301F-11D3-BF4B-00C04F79EFBC}") = "StudentPortFolio", "StudentPortFolio\StudentPortFolio.csproj", "{13CE18FC-CEAF-42C4-B651-68D589BB1CDB}"
EndProject
Global
	GlobalSection(SolutionConfigurationPlatforms) = preSolution
		Debug|Any CPU = Debug|Any CPU
		Release|Any CPU = Release|Any CPU
	EndGlobalSection
	GlobalSection(ProjectConfigurationPlatforms) = postSolution
		{13CE18FC-CEAF-42C4-B651-68D589BB1CDB}.Debug|Any CPU.ActiveCfg = Debug|Any CPU
		{13CE18FC-CEAF-42C4-B651-68D589BB1CDB}.Debug|Any CPU.Build.0 = Debug|Any CPU
		{13CE18FC-CEAF-42C4-B651-68D589BB1CDB}.Release|Any CPU.ActiveCfg = Release|Any CPU
		{13CE18FC-CEAF-42C4-B651-68D589BB1CDB}.Release|Any CPU.Build.0 = Release|Any CPU
	EndGlobalSection
	GlobalSection(SolutionProperties) = preSolution
		HideSolutionNode = FALSE
	EndGlobalSection
	GlobalSection(ExtensibilityGlobals) = postSolution
		SolutionGuid = {41C623A2-F091-4202-AD44-35015B4F91C7}
	EndGlobalSection
EndGlobal
